
Microsoft Visual Studio Solution File, Format Version 12.00
# Visual Studio Version 17
VisualStudioVersion = 17.3.32922.545
MinimumVisualStudioVersion = 10.0.40219.1
Project("{FAE04EC0-301F-11D3-BF4B-00C04F79EFBC}") = "wazotool_proto", "wazotool_proto\wazotool_proto.csproj", "{313937AF-F92D-4F33-B55D-EF771A088242}"
EndProject
Global
	GlobalSection(SolutionConfigurationPlatforms) = preSolution
		Debug|Any CPU = Debug|Any CPU
		Release|Any CPU = Release|Any CPU
	EndGlobalSection
	GlobalSection(ProjectConfigurationPlatforms) = postSolution
		{313937AF-F92D-4F33-B55D-EF771A088242}.Debug|Any CPU.ActiveCfg = Debug|Any CPU
		{313937AF-F92D-4F33-B55D-EF771A088242}.Debug|Any CPU.Build.0 = Debug|Any CPU
		{313937AF-F92D-4F33-B55D-EF771A088242}.Release|Any CPU.ActiveCfg = Release|Any CPU
		{313937AF-F92D-4F33-B55D-EF771A088242}.Release|Any CPU.Build.0 = Release|Any CPU
	EndGlobalSection
	GlobalSection(SolutionProperties) = preSolution
		HideSolutionNode = FALSE
	EndGlobalSection
	GlobalSection(ExtensibilityGlobals) = postSolution
		SolutionGuid = {BFFC52E9-6C2A-4725-A8A2-25A5BD7D338D}
	EndGlobalSection
EndGlobal
